
Microsoft Visual Studio Solution File, Format Version 12.00
# Visual Studio Version 17
VisualStudioVersion = 17.8.34330.188
MinimumVisualStudioVersion = 10.0.40219.1
Project("{FAE04EC0-301F-11D3-BF4B-00C04F79EFBC}") = "WebApplicationfilters", "WebApplicationfilters\WebApplicationfilters.csproj", "{E94C9178-DBA4-4D81-8B20-C13D739C06C4}"
EndProject
Global
	GlobalSection(SolutionConfigurationPlatforms) = preSolution
		Debug|Any CPU = Debug|Any CPU
		Release|Any CPU = Release|Any CPU
	EndGlobalSection
	GlobalSection(ProjectConfigurationPlatforms) = postSolution
		{E94C9178-DBA4-4D81-8B20-C13D739C06C4}.Debug|Any CPU.ActiveCfg = Debug|Any CPU
		{E94C9178-DBA4-4D81-8B20-C13D739C06C4}.Debug|Any CPU.Build.0 = Debug|Any CPU
		{E94C9178-DBA4-4D81-8B20-C13D739C06C4}.Release|Any CPU.ActiveCfg = Release|Any CPU
		{E94C9178-DBA4-4D81-8B20-C13D739C06C4}.Release|Any CPU.Build.0 = Release|Any CPU
	EndGlobalSection
	GlobalSection(SolutionProperties) = preSolution
		HideSolutionNode = FALSE
	EndGlobalSection
	GlobalSection(ExtensibilityGlobals) = postSolution
		SolutionGuid = {D57AE963-EEDE-47F5-8EB1-70BACE076255}
	EndGlobalSection
EndGlobal
